
Microsoft Visual Studio Solution File, Format Version 12.00
# Visual Studio Version 17
VisualStudioVersion = 17.9.34607.119
MinimumVisualStudioVersion = 10.0.40219.1
Project("{9A19103F-16F7-4668-BE54-9A1E7A4F7556}") = "SharpPlay.TestApp.Console", "src\SharpPlay.TestApp.Console\SharpPlay.TestApp.Console.csproj", "{F95D6DDB-6980-4D3D-AE44-9D7F164425E8}"
EndProject
Project("{9A19103F-16F7-4668-BE54-9A1E7A4F7556}") = "SharpPlay.RoslynAnalyzers", "src\SharpPlay.RoslynAnalyzers\SharpPlay.RoslynAnalyzers.csproj", "{3C24B9C5-3D32-434B-ACCC-AA7117DD32B3}"
EndProject
Project("{9A19103F-16F7-4668-BE54-9A1E7A4F7556}") = "SharpPlay.RoslynAnalyzers.Tests", "src\SharpPlay.RoslynAnalyzers.Tests\SharpPlay.RoslynAnalyzers.Tests.csproj", "{06548EE7-2790-46A8-9862-5CFC99A20F2C}"
EndProject
Global
	GlobalSection(SolutionConfigurationPlatforms) = preSolution
		Debug|Any CPU = Debug|Any CPU
		Release|Any CPU = Release|Any CPU
	EndGlobalSection
	GlobalSection(ProjectConfigurationPlatforms) = postSolution
		{F95D6DDB-6980-4D3D-AE44-9D7F164425E8}.Debug|Any CPU.ActiveCfg = Debug|Any CPU
		{F95D6DDB-6980-4D3D-AE44-9D7F164425E8}.Debug|Any CPU.Build.0 = Debug|Any CPU
		{F95D6DDB-6980-4D3D-AE44-9D7F164425E8}.Release|Any CPU.ActiveCfg = Release|Any CPU
		{F95D6DDB-6980-4D3D-AE44-9D7F164425E8}.Release|Any CPU.Build.0 = Release|Any CPU
		{3C24B9C5-3D32-434B-ACCC-AA7117DD32B3}.Debug|Any CPU.ActiveCfg = Debug|Any CPU
		{3C24B9C5-3D32-434B-ACCC-AA7117DD32B3}.Debug|Any CPU.Build.0 = Debug|Any CPU
		{3C24B9C5-3D32-434B-ACCC-AA7117DD32B3}.Release|Any CPU.ActiveCfg = Release|Any CPU
		{3C24B9C5-3D32-434B-ACCC-AA7117DD32B3}.Release|Any CPU.Build.0 = Release|Any CPU
		{06548EE7-2790-46A8-9862-5CFC99A20F2C}.Debug|Any CPU.ActiveCfg = Debug|Any CPU
		{06548EE7-2790-46A8-9862-5CFC99A20F2C}.Debug|Any CPU.Build.0 = Debug|Any CPU
		{06548EE7-2790-46A8-9862-5CFC99A20F2C}.Release|Any CPU.ActiveCfg = Release|Any CPU
		{06548EE7-2790-46A8-9862-5CFC99A20F2C}.Release|Any CPU.Build.0 = Release|Any CPU
	EndGlobalSection
	GlobalSection(SolutionProperties) = preSolution
		HideSolutionNode = FALSE
	EndGlobalSection
	GlobalSection(ExtensibilityGlobals) = postSolution
		SolutionGuid = {001B4B7E-CD40-4DB8-9F62-DF84DA12A3E4}
	EndGlobalSection
EndGlobal
